{
  "requires": true,
  "lockfileVersion": 1,
  "dependencies": {
    "swagger-ui-dist": {
      "version": "3.36.1",
      "resolved": "https://registry.npmjs.org/swagger-ui-dist/-/swagger-ui-dist-3.36.1.tgz",
      "integrity": "sha512-p7lx/OubaaCzOfSYDuMbkRvf/a+rTnQAOySN/NhL+k6D5o9WXEEeKZwj/6fRHRoLSHKZq28jc1xQcz8HuYcgwQ=="
    },
    "swagger-ui-express": {
      "version": "4.1.4",
      "resolved": "https://registry.npmjs.org/swagger-ui-express/-/swagger-ui-express-4.1.4.tgz",
      "integrity": "sha512-Ea96ecpC+Iq9GUqkeD/LFR32xSs8gYqmTW1gXCuKg81c26WV6ZC2FsBSPVExQP6WkyUuz5HEiR0sEv/HCC343g==",
      "requires": {
        "swagger-ui-dist": "^3.18.1"
      }
    }
  }
}
